GEM
  remote: https://rubygems.org/
  specs:
    anthropic (1.77.1)
      base64 (~> 0.1)
      connection_pool (>= 2, < 4)
      standardwebhooks (~> 1.0)
    base64 (0.3.0)
    bigdecimal (4.1.3)
    concurrent-ruby (1.3.8)
    connection_pool (3.0.2)
    csv (3.3.6)
    dotenv (3.2.0)
    httparty (0.24.3)
      csv
      mini_mime (>= 1.0.0)
      multi_xml (>= 0.5.2)
    jwt (3.3.0)
      base64
    mini_mime (1.1.5)
    multi_xml (0.9.1)
      bigdecimal (>= 3.1, < 5)
    standardwebhooks (1.1.0)
    tzinfo (2.0.6)
      concurrent-ruby (~> 1.0)

PLATFORMS
  arm64-darwin-27
  ruby

DEPENDENCIES
  anthropic
  dotenv
  httparty
  jwt
  tzinfo

CHECKSUMS
  anthropic (1.77.1) sha256=624501b46be2ee2090dd8a2af3b81ce440605304aab74c545cba65bb0b1eb4f3
  base64 (0.3.0) sha256=27337aeabad6ffae05c265c450490628ef3ebd4b67be58257393227588f5a97b
  bigdecimal (4.1.3) sha256=61ebe1e5e559bdc3cc6f2c0ee7f427321fc838f59611c294356eb04d6e21cf66
  concurrent-ruby (1.3.8) sha256=b2f1be836e968ccc78ccfce277ea79c72a88633f22306782c16ff23fb415d1e1
  connection_pool (3.0.2) sha256=33fff5ba71a12d2aa26cb72b1db8bba2a1a01823559fb01d29eb74c286e62e0a
  csv (3.3.6) sha256=aba61e7e507a66f03d45cb1f3c4b6359861c3504038b422962875dce099e4456
  dotenv (3.2.0) sha256=e375b83121ea7ca4ce20f214740076129ab8514cd81378161f11c03853fe619d
  httparty (0.24.3) sha256=5c95cf29ca70d5bfd834e56140ddfca6e94166c3b870cde9c25d157cdb5a00d2
  jwt (3.3.0) sha256=44cc34fbc341c148233cf66641522b4bce0dfb1ce55e8073f05c56f44f4ee546
  mini_mime (1.1.5) sha256=8681b7e2e4215f2a159f9400b5816d85e9d8c6c6b491e96a12797e798f8bccef
  multi_xml (0.9.1) sha256=7ce766b59c17241ed62976caeae1fae9b2431b263398c35396239a68c4a64e57
  standardwebhooks (1.1.0) sha256=356ba711c14def4fb27310e4163b26bd5cccf325212c3440cabadd825e4be11f
  tzinfo (2.0.6) sha256=8daf828cc77bcf7d63b0e3bdb6caa47e2272dcfaf4fbfe46f8c3a9df087a829b

BUNDLED WITH
  4.0.20
